# THIS IS AN AUTOGENERATED FILE. DO NOT EDIT THIS FILE DIRECTLY.
# yarn lockfile v1


web-ext-types@^3.2.1:
  version "3.2.1"
  resolved "https://registry.yarnpkg.com/web-ext-types/-/web-ext-types-3.2.1.tgz#3edc0e3c2e8fe121d7d7e4ca0b7ee0c883cea832"
  integrity sha512-oQZYDU3W8X867h8Jmt3129kRVKklz70db40Y6OzoTTuzOJpF/dB2KULJUf0txVPyUUXuyzV8GmT3nVvRHoG+Ew==
